
Microsoft Visual Studio Solution File, Format Version 12.00
# Visual Studio Version 17
VisualStudioVersion = 17.3.32811.315
MinimumVisualStudioVersion = 10.0.40219.1
Project("{9A19103F-16F7-4668-BE54-9A1E7A4F7556}") = "Wasm", "Wasm.csproj", "{F409081E-74E3-4BB7-9424-21DA638FA7BF}"
EndProject
Global
	GlobalSection(SolutionConfigurationPlatforms) = preSolution
		Debug|Any CPU = Debug|Any CPU
		Release|Any CPU = Release|Any CPU
	EndGlobalSection
	GlobalSection(ProjectConfigurationPlatforms) = postSolution
		{F409081E-74E3-4BB7-9424-21DA638FA7BF}.Debug|Any CPU.ActiveCfg = Debug|Any CPU
		{F409081E-74E3-4BB7-9424-21DA638FA7BF}.Debug|Any CPU.Build.0 = Debug|Any CPU
		{F409081E-74E3-4BB7-9424-21DA638FA7BF}.Release|Any CPU.ActiveCfg = Release|Any CPU
		{F409081E-74E3-4BB7-9424-21DA638FA7BF}.Release|Any CPU.Build.0 = Release|Any CPU
	EndGlobalSection
	GlobalSection(SolutionProperties) = preSolution
		HideSolutionNode = FALSE
	EndGlobalSection
	GlobalSection(ExtensibilityGlobals) = postSolution
		SolutionGuid = {C7321C7C-2D27-4295-9E0F-2E925C0F273A}
	EndGlobalSection
EndGlobal
